// !$*UTF8*$!
{
	archiveVersion = 1;
	classes = {
	};
	objectVersion = 46;
	objects = {

/* Begin PBXBuildFile section */
		8B03FB44D76994044AF7D56A /* libPods-DominicanFuelTests.a in Frameworks */ = {isa = PBXBuildFile; fileRef = A6413DFB845310199DBB3C8B /* libPods-DominicanFuelTests.a */; };
		901348B41B093CE2009E9AE3 /* MobileDevice.swift in Sources */ = {isa = PBXBuildFile; fileRef = 901348B31B093CE2009E9AE3 /* MobileDevice.swift */; };
		901348B61B093D91009E9AE3 /* MobileDeviceRepository.swift in Sources */ = {isa = PBXBuildFile; fileRef = 901348B51B093D91009E9AE3 /* MobileDeviceRepository.swift */; };
		901685491ADA1664000BD502 /* ChartTimespanTableViewController.swift in Sources */ = {isa = PBXBuildFile; fileRef = 901685481ADA1663000BD502 /* ChartTimespanTableViewController.swift */; };
		9016854A1ADA1664000BD502 /* ChartTimespanTableViewController.swift in Sources */ = {isa = PBXBuildFile; fileRef = 901685481ADA1663000BD502 /* ChartTimespanTableViewController.swift */; };
		902EF5611AC9692100661600 /* FilterTableViewController.swift in Sources */ = {isa = PBXBuildFile; fileRef = 902EF5601AC9692100661600 /* FilterTableViewController.swift */; };
		902EF5621AC9692100661600 /* FilterTableViewController.swift in Sources */ = {isa = PBXBuildFile; fileRef = 902EF5601AC9692100661600 /* FilterTableViewController.swift */; };
		902EF5641ACA43E000661600 /* FuelType.swift in Sources */ = {isa = PBXBuildFile; fileRef = 902EF5631ACA43E000661600 /* FuelType.swift */; };
		902EF5651ACA43E000661600 /* FuelType.swift in Sources */ = {isa = PBXBuildFile; fileRef = 902EF5631ACA43E000661600 /* FuelType.swift */; };
		902EF5711ACB878900661600 /* FuelFilter.swift in Sources */ = {isa = PBXBuildFile; fileRef = 902EF5701ACB878900661600 /* FuelFilter.swift */; };
		902EF5721ACB878900661600 /* FuelFilter.swift in Sources */ = {isa = PBXBuildFile; fileRef = 902EF5701ACB878900661600 /* FuelFilter.swift */; };
		902EF5741ACB899100661600 /* ManagedDocumentCoordinator.swift in Sources */ = {isa = PBXBuildFile; fileRef = 902EF5731ACB899100661600 /* ManagedDocumentCoordinator.swift */; };
		902EF5751ACB899100661600 /* ManagedDocumentCoordinator.swift in Sources */ = {isa = PBXBuildFile; fileRef = 902EF5731ACB899100661600 /* ManagedDocumentCoordinator.swift */; };
		902EF5771ACB97E300661600 /* FuelFilterExtension.swift in Sources */ = {isa = PBXBuildFile; fileRef = 902EF5761ACB97E300661600 /* FuelFilterExtension.swift */; };
		902EF5781ACB97E300661600 /* FuelFilterExtension.swift in Sources */ = {isa = PBXBuildFile; fileRef = 902EF5761ACB97E300661600 /* FuelFilterExtension.swift */; };
		902EF57A1ACC070700661600 /* DominicanFuelManagedDocumentCoordinator.swift in Sources */ = {isa = PBXBuildFile; fileRef = 902EF5791ACC070700661600 /* DominicanFuelManagedDocumentCoordinator.swift */; };
		902EF57B1ACC070700661600 /* DominicanFuelManagedDocumentCoordinator.swift in Sources */ = {isa = PBXBuildFile; fileRef = 902EF5791ACC070700661600 /* DominicanFuelManagedDocumentCoordinator.swift */; };
		902EF57F1ACC0D3200661600 /* CoreDataTableViewController.m in Sources */ = {isa = PBXBuildFile; fileRef = 902EF57E1ACC0D3200661600 /* CoreDataTableViewController.m */; };
		902EF5821ACCDF1E00661600 /* CoreDataSeeder.swift in Sources */ = {isa = PBXBuildFile; fileRef = 902EF5811ACCDF1E00661600 /* CoreDataSeeder.swift */; };
		902EF5831ACCDF1E00661600 /* CoreDataSeeder.swift in Sources */ = {isa = PBXBuildFile; fileRef = 902EF5811ACCDF1E00661600 /* CoreDataSeeder.swift */; };
		902EF5861AD0235200661600 /* Fuel.swift in Sources */ = {isa = PBXBuildFile; fileRef = 902EF5851AD0235200661600 /* Fuel.swift */; };
		902EF5871AD0235200661600 /* Fuel.swift in Sources */ = {isa = PBXBuildFile; fileRef = 902EF5851AD0235200661600 /* Fuel.swift */; };
		902EF5891AD0242400661600 /* FuelExtension.swift in Sources */ = {isa = PBXBuildFile; fileRef = 902EF5881AD0242400661600 /* FuelExtension.swift */; };
		902EF58A1AD0242400661600 /* FuelExtension.swift in Sources */ = {isa = PBXBuildFile; fileRef = 902EF5881AD0242400661600 /* FuelExtension.swift */; };
		902EF58D1AD0273E00661600 /* FuelFilterSeeder.swift in Sources */ = {isa = PBXBuildFile; fileRef = 902EF58C1AD0273E00661600 /* FuelFilterSeeder.swift */; };
		902EF58E1AD0273E00661600 /* FuelFilterSeeder.swift in Sources */ = {isa = PBXBuildFile; fileRef = 902EF58C1AD0273E00661600 /* FuelFilterSeeder.swift */; };
		902EF5901AD027CC00661600 /* FuelSeeder.swift in Sources */ = {isa = PBXBuildFile; fileRef = 902EF58F1AD027CC00661600 /* FuelSeeder.swift */; };
		902EF5911AD027CC00661600 /* FuelSeeder.swift in Sources */ = {isa = PBXBuildFile; fileRef = 902EF58F1AD027CC00661600 /* FuelSeeder.swift */; };
		902EF5931AD0AD1900661600 /* fuels.json in Resources */ = {isa = PBXBuildFile; fileRef = 902EF5921AD0AD1900661600 /* fuels.json */; };
		902EF5941AD0AD1900661600 /* fuels.json in Resources */ = {isa = PBXBuildFile; fileRef = 902EF5921AD0AD1900661600 /* fuels.json */; };
		902EF5961AD0B09700661600 /* DateFormatter.swift in Sources */ = {isa = PBXBuildFile; fileRef = 902EF5951AD0B09700661600 /* DateFormatter.swift */; };
		902EF5971AD0B09700661600 /* DateFormatter.swift in Sources */ = {isa = PBXBuildFile; fileRef = 902EF5951AD0B09700661600 /* DateFormatter.swift */; };
		903DC21B1AC2CA690006EE71 /* FuelViewModel.swift in Sources */ = {isa = PBXBuildFile; fileRef = 903DC21A1AC2CA690006EE71 /* FuelViewModel.swift */; };
		903DC21C1AC2CA690006EE71 /* FuelViewModel.swift in Sources */ = {isa = PBXBuildFile; fileRef = 903DC21A1AC2CA690006EE71 /* FuelViewModel.swift */; };
		903DC21E1AC3ABFD0006EE71 /* FuelViewModelTests.swift in Sources */ = {isa = PBXBuildFile; fileRef = 903DC21D1AC3ABFD0006EE71 /* FuelViewModelTests.swift */; };
		905067EC1B0AE89E00B63BEC /* FuelTableViewCell.swift in Sources */ = {isa = PBXBuildFile; fileRef = 905067EB1B0AE89E00B63BEC /* FuelTableViewCell.swift */; };
		905067ED1B0AE8C100B63BEC /* FuelTableViewCell.swift in Sources */ = {isa = PBXBuildFile; fileRef = 905067EB1B0AE89E00B63BEC /* FuelTableViewCell.swift */; };
		9057CA731ABA657C007740B0 /* AppDelegate.swift in Sources */ = {isa = PBXBuildFile; fileRef = 9057CA721ABA657C007740B0 /* AppDelegate.swift */; };
		9057CA761ABA657C007740B0 /* DominicanFuel.xcdatamodeld in Sources */ = {isa = PBXBuildFile; fileRef = 9057CA741ABA657C007740B0 /* DominicanFuel.xcdatamodeld */; };
		9057CA7B1ABA657C007740B0 /* Main.storyboard in Resources */ = {isa = PBXBuildFile; fileRef = 9057CA791ABA657C007740B0 /* Main.storyboard */; };
		9057CA7D1ABA657C007740B0 /* Images.xcassets in Resources */ = {isa = PBXBuildFile; fileRef = 9057CA7C1ABA657C007740B0 /* Images.xcassets */; };
		9057CA8C1ABA657C007740B0 /* DominicanFuelTests.swift in Sources */ = {isa = PBXBuildFile; fileRef = 9057CA8B1ABA657C007740B0 /* DominicanFuelTests.swift */; };
		9057CA9E1ABA6B3B007740B0 /* FuelTests.swift in Sources */ = {isa = PBXBuildFile; fileRef = 9057CA9D1ABA6B3B007740B0 /* FuelTests.swift */; };
		9057CAA41ABDB0D8007740B0 /* DictionaryMapping.swift in Sources */ = {isa = PBXBuildFile; fileRef = 9057CA9F1ABDB0D8007740B0 /* DictionaryMapping.swift */; };
		9057CAA51ABDB0D8007740B0 /* DictionaryMapping.swift in Sources */ = {isa = PBXBuildFile; fileRef = 9057CA9F1ABDB0D8007740B0 /* DictionaryMapping.swift */; };
		9057CAA61ABDB0D8007740B0 /* NetworkActivityIndicator.swift in Sources */ = {isa = PBXBuildFile; fileRef = 9057CAA01ABDB0D8007740B0 /* NetworkActivityIndicator.swift */; };
		9057CAA71ABDB0D8007740B0 /* NetworkActivityIndicator.swift in Sources */ = {isa = PBXBuildFile; fileRef = 9057CAA01ABDB0D8007740B0 /* NetworkActivityIndicator.swift */; };
		9057CAA81ABDB0D8007740B0 /* RestRepositoryProtocol.swift in Sources */ = {isa = PBXBuildFile; fileRef = 9057CAA11ABDB0D8007740B0 /* RestRepositoryProtocol.swift */; };
		9057CAA91ABDB0D8007740B0 /* RestRepositoryProtocol.swift in Sources */ = {isa = PBXBuildFile; fileRef = 9057CAA11ABDB0D8007740B0 /* RestRepositoryProtocol.swift */; };
		9057CAAA1ABDB0D8007740B0 /* RestRepository.swift in Sources */ = {isa = PBXBuildFile; fileRef = 9057CAA21ABDB0D8007740B0 /* RestRepository.swift */; };
		9057CAAB1ABDB0D8007740B0 /* RestRepository.swift in Sources */ = {isa = PBXBuildFile; fileRef = 9057CAA21ABDB0D8007740B0 /* RestRepository.swift */; };
		9057CAAC1ABDB0D8007740B0 /* NSURLExtension.swift in Sources */ = {isa = PBXBuildFile; fileRef = 9057CAA31ABDB0D8007740B0 /* NSURLExtension.swift */; };
		9057CAAD1ABDB0D8007740B0 /* NSURLExtension.swift in Sources */ = {isa = PBXBuildFile; fileRef = 9057CAA31ABDB0D8007740B0 /* NSURLExtension.swift */; };
		905B0A1F1B16BBA900EABB6F /* FuelTableViewCellFactory.swift in Sources */ = {isa = PBXBuildFile; fileRef = 905B0A1E1B16BBA900EABB6F /* FuelTableViewCellFactory.swift */; };
		905B0A201B16BC7D00EABB6F /* FuelTableViewCellFactory.swift in Sources */ = {isa = PBXBuildFile; fileRef = 905B0A1E1B16BBA900EABB6F /* FuelTableViewCellFactory.swift */; };
		905B0A251B16BD7F00EABB6F /* FuelDetailsTableViewHeaderImageView.swift in Sources */ = {isa = PBXBuildFile; fileRef = 905B0A241B16BD7F00EABB6F /* FuelDetailsTableViewHeaderImageView.swift */; };
		905B0A261B16BD7F00EABB6F /* FuelDetailsTableViewHeaderImageView.swift in Sources */ = {isa = PBXBuildFile; fileRef = 905B0A241B16BD7F00EABB6F /* FuelDetailsTableViewHeaderImageView.swift */; };
		905B0A2C1B16C4FF00EABB6F /* DeltaAssetsManager.swift in Sources */ = {isa = PBXBuildFile; fileRef = 905B0A2B1B16C4FF00EABB6F /* DeltaAssetsManager.swift */; };
		905B0A2D1B16C4FF00EABB6F /* DeltaAssetsManager.swift in Sources */ = {isa = PBXBuildFile; fileRef = 905B0A2B1B16C4FF00EABB6F /* DeltaAssetsManager.swift */; };
		905B0A321B16CA9B00EABB6F /* FuelsTableViewControllerFetchRequest.swift in Sources */ = {isa = PBXBuildFile; fileRef = 905B0A311B16CA9B00EABB6F /* FuelsTableViewControllerFetchRequest.swift */; };
		905B0A331B16CA9B00EABB6F /* FuelsTableViewControllerFetchRequest.swift in Sources */ = {isa = PBXBuildFile; fileRef = 905B0A311B16CA9B00EABB6F /* FuelsTableViewControllerFetchRequest.swift */; };
		905B0A351B16CFA200EABB6F /* APIConfiguration.swift in Sources */ = {isa = PBXBuildFile; fileRef = 905B0A341B16CFA200EABB6F /* APIConfiguration.swift */; };
		905B0A361B16CFA200EABB6F /* APIConfiguration.swift in Sources */ = {isa = PBXBuildFile; fileRef = 905B0A341B16CFA200EABB6F /* APIConfiguration.swift */; };
		905FE8C61AEC6C6400745D97 /* AbstractFactory.swift in Sources */ = {isa = PBXBuildFile; fileRef = 905FE8C51AEC6C6400745D97 /* AbstractFactory.swift */; };
		905FE8C71AEC6C6400745D97 /* AbstractFactory.swift in Sources */ = {isa = PBXBuildFile; fileRef = 905FE8C51AEC6C6400745D97 /* AbstractFactory.swift */; };
		905FE8C91AEC73BA00745D97 /* NetworkResponse.swift in Sources */ = {isa = PBXBuildFile; fileRef = 905FE8C81AEC73BA00745D97 /* NetworkResponse.swift */; };
		905FE8CA1AEC73BA00745D97 /* NetworkResponse.swift in Sources */ = {isa = PBXBuildFile; fileRef = 905FE8C81AEC73BA00745D97 /* NetworkResponse.swift */; };
		906093131AE295A3003FFEE2 /* FuelViewModelFactory.swift in Sources */ = {isa = PBXBuildFile; fileRef = 906093121AE295A3003FFEE2 /* FuelViewModelFactory.swift */; };
		906093141AE295A3003FFEE2 /* FuelViewModelFactory.swift in Sources */ = {isa = PBXBuildFile; fileRef = 906093121AE295A3003FFEE2 /* FuelViewModelFactory.swift */; };
		906CE7CB1ABDDE8400B45CCF /* FuelsTableViewController.swift in Sources */ = {isa = PBXBuildFile; fileRef = 906CE7CA1ABDDE8400B45CCF /* FuelsTableViewController.swift */; };
		906CE7CC1ABDDE8400B45CCF /* FuelsTableViewController.swift in Sources */ = {isa = PBXBuildFile; fileRef = 906CE7CA1ABDDE8400B45CCF /* FuelsTableViewController.swift */; };
		907529FA1B24175200583DD6 /* FuelFetcher.swift in Sources */ = {isa = PBXBuildFile; fileRef = 907529F91B24175200583DD6 /* FuelFetcher.swift */; };
		907529FB1B24175200583DD6 /* FuelFetcher.swift in Sources */ = {isa = PBXBuildFile; fileRef = 907529F91B24175200583DD6 /* FuelFetcher.swift */; };
		909587611B04530500E30362 /* iAd.framework in Frameworks */ = {isa = PBXBuildFile; fileRef = 909587601B04530500E30362 /* iAd.framework */; };
		90A7FF901AE2052700A8597C /* FuelDetailsTableViewController.swift in Sources */ = {isa = PBXBuildFile; fileRef = 90A7FF8F1AE2052700A8597C /* FuelDetailsTableViewController.swift */; };
		90A7FF951AE20D6A00A8597C /* FuelDetailsTableViewController.swift in Sources */ = {isa = PBXBuildFile; fileRef = 90A7FF8F1AE2052700A8597C /* FuelDetailsTableViewController.swift */; };
		90AD3B3C1AD61B1D00785573 /* ViewController.swift in Sources */ = {isa = PBXBuildFile; fileRef = 90AD3B3B1AD61B1D00785573 /* ViewController.swift */; };
		90AD3B3D1AD61B1D00785573 /* ViewController.swift in Sources */ = {isa = PBXBuildFile; fileRef = 90AD3B3B1AD61B1D00785573 /* ViewController.swift */; };
		90AD3B3F1AD69F2800785573 /* Date.swift in Sources */ = {isa = PBXBuildFile; fileRef = 90AD3B3E1AD69F2800785573 /* Date.swift */; };
		90AD3B401AD69F2C00785573 /* Date.swift in Sources */ = {isa = PBXBuildFile; fileRef = 90AD3B3E1AD69F2800785573 /* Date.swift */; };
		90AD3B421AD69F9000785573 /* DateExtensionsTests.swift in Sources */ = {isa = PBXBuildFile; fileRef = 90AD3B411AD69F9000785573 /* DateExtensionsTests.swift */; };
		90AD3B441AD7D43B00785573 /* ChartViewController.swift in Sources */ = {isa = PBXBuildFile; fileRef = 90B695671AC4F45100BC8B7B /* ChartViewController.swift */; };
		90B3C7E51B535BC500354846 /* JBBaseChartViewController.m in Sources */ = {isa = PBXBuildFile; fileRef = 90B3C7E41B535BC500354846 /* JBBaseChartViewController.m */; };
		90B3C7E81B535C0200354846 /* JBChartTooltipView.m in Sources */ = {isa = PBXBuildFile; fileRef = 90B3C7E71B535C0200354846 /* JBChartTooltipView.m */; };
		90B3C7EB1B535D1000354846 /* JBChartTooltipTipView.m in Sources */ = {isa = PBXBuildFile; fileRef = 90B3C7EA1B535D1000354846 /* JBChartTooltipTipView.m */; };
		90B3C7ED1B53D01E00354846 /* TooltipViewController.swift in Sources */ = {isa = PBXBuildFile; fileRef = 90B3C7EC1B53D01E00354846 /* TooltipViewController.swift */; };
		90B3C7EE1B53D01E00354846 /* TooltipViewController.swift in Sources */ = {isa = PBXBuildFile; fileRef = 90B3C7EC1B53D01E00354846 /* TooltipViewController.swift */; };
		90B695681AC4F45100BC8B7B /* ChartViewController.swift in Sources */ = {isa = PBXBuildFile; fileRef = 90B695671AC4F45100BC8B7B /* ChartViewController.swift */; };
		90BA14481AE74451007BB5F9 /* FuelRepository.swift in Sources */ = {isa = PBXBuildFile; fileRef = 90BA14471AE74451007BB5F9 /* FuelRepository.swift */; };
		90BA14491AE74A04007BB5F9 /* FuelRepository.swift in Sources */ = {isa = PBXBuildFile; fileRef = 90BA14471AE74451007BB5F9 /* FuelRepository.swift */; };
		90E12E0A1B18901D00AF3A52 /* TableViewCellViewModel.swift in Sources */ = {isa = PBXBuildFile; fileRef = 90E12E091B18901D00AF3A52 /* TableViewCellViewModel.swift */; };
		90E12E0C1B1BE55D00AF3A52 /* LaunchScreen.storyboard in Resources */ = {isa = PBXBuildFile; fileRef = 90E12E0B1B1BE55D00AF3A52 /* LaunchScreen.storyboard */; };
		AA65E249153437B8731E5FDE /* libPods-DominicanFuel.a in Frameworks */ = {isa = PBXBuildFile; fileRef = 6207C26A349907EABA381A79 /* libPods-DominicanFuel.a */; };
/* End PBXBuildFile section */

/* Begin PBXContainerItemProxy section */
		9057CA861ABA657C007740B0 /* PBXContainerItemProxy */ = {
			isa = PBXContainerItemProxy;
			containerPortal = 9057CA651ABA657B007740B0 /* Project object */;
			proxyType = 1;
			remoteGlobalIDString = 9057CA6C1ABA657C007740B0;
			remoteInfo = DominicanFuel;
		};
/* End PBXContainerItemProxy section */

/* Begin PBXFileReference section */
		19F066EF8FB36E01E5A54308 /* Pods-DominicanFuelTests.release.xcconfig */ = {isa = PBXFileReference; includeInIndex = 1; lastKnownFileType = text.xcconfig; name = "Pods-DominicanFuelTests.release.xcconfig"; path = "Pods/Target Support Files/Pods-DominicanFuelTests/Pods-DominicanFuelTests.release.xcconfig"; sourceTree = "<group>"; };
		6207C26A349907EABA381A79 /* libPods-DominicanFuel.a */ = {isa = PBXFileReference; explicitFileType = archive.ar; includeInIndex = 0; path = "libPods-DominicanFuel.a"; sourceTree = BUILT_PRODUCTS_DIR; };
		901348B31B093CE2009E9AE3 /* MobileDevice.swift */ = {isa = PBXFileReference; fileEncoding = 4; lastKnownFileType = sourcecode.swift; path = MobileDevice.swift; sourceTree = "<group>"; };
		901348B51B093D91009E9AE3 /* MobileDeviceRepository.swift */ = {isa = PBXFileReference; fileEncoding = 4; lastKnownFileType = sourcecode.swift; path = MobileDeviceRepository.swift; sourceTree = "<group>"; };
		901685481ADA1663000BD502 /* ChartTimespanTableViewController.swift */ = {isa = PBXFileReference; fileEncoding = 4; lastKnownFileType = sourcecode.swift; path = ChartTimespanTableViewController.swift; sourceTree = "<group>"; };
		902EF5601AC9692100661600 /* FilterTableViewController.swift */ = {isa = PBXFileReference; fileEncoding = 4; lastKnownFileType = sourcecode.swift; path = FilterTableViewController.swift; sourceTree = "<group>"; };
		902EF5631ACA43E000661600 /* FuelType.swift */ = {isa = PBXFileReference; fileEncoding = 4; lastKnownFileType = sourcecode.swift; path = FuelType.swift; sourceTree = "<group>"; };
		902EF5701ACB878900661600 /* FuelFilter.swift */ = {isa = PBXFileReference; fileEncoding = 4; lastKnownFileType = sourcecode.swift; path = FuelFilter.swift; sourceTree = "<group>"; };
		902EF5731ACB899100661600 /* ManagedDocumentCoordinator.swift */ = {isa = PBXFileReference; fileEncoding = 4; lastKnownFileType = sourcecode.swift; path = ManagedDocumentCoordinator.swift; sourceTree = "<group>"; };
		902EF5761ACB97E300661600 /* FuelFilterExtension.swift */ = {isa = PBXFileReference; fileEncoding = 4; lastKnownFileType = sourcecode.swift; path = FuelFilterExtension.swift; sourceTree = "<group>"; };
		902EF5791ACC070700661600 /* DominicanFuelManagedDocumentCoordinator.swift */ = {isa = PBXFileReference; fileEncoding = 4; lastKnownFileType = sourcecode.swift; path = DominicanFuelManagedDocumentCoordinator.swift; sourceTree = "<group>"; };
		902EF57C1ACC0D3100661600 /* DominicanFuelTests-Bridging-Header.h */ = {isa = PBXFileReference; lastKnownFileType = sourcecode.c.h; name = "DominicanFuelTests-Bridging-Header.h"; path = "../DominicanFuel/DominicanFuelTests-Bridging-Header.h"; sourceTree = "<group>"; };
		902EF57D1ACC0D3200661600 /* CoreDataTableViewController.h */ = {isa = PBXFileReference; fileEncoding = 4; lastKnownFileType = sourcecode.c.h; path = CoreDataTableViewController.h; sourceTree = "<group>"; };
		902EF57E1ACC0D3200661600 /* CoreDataTableViewController.m */ = {isa = PBXFileReference; fileEncoding = 4; lastKnownFileType = sourcecode.c.objc; path = CoreDataTableViewController.m; sourceTree = "<group>"; };
		902EF5811ACCDF1E00661600 /* CoreDataSeeder.swift */ = {isa = PBXFileReference; fileEncoding = 4; lastKnownFileType = sourcecode.swift; path = CoreDataSeeder.swift; sourceTree = "<group>"; };
		902EF5841ACCECBC00661600 /* DominicanFuel 2.xcdatamodel */ = {isa = PBXFileReference; lastKnownFileType = wrapper.xcdatamodel; path = "DominicanFuel 2.xcdatamodel"; sourceTree = "<group>"; };
		902EF5851AD0235200661600 /* Fuel.swift */ = {isa = PBXFileReference; fileEncoding = 4; lastKnownFileType = sourcecode.swift; path = Fuel.swift; sourceTree = "<group>"; };
		902EF5881AD0242400661600 /* FuelExtension.swift */ = {isa = PBXFileReference; fileEncoding = 4; lastKnownFileType = sourcecode.swift; path = FuelExtension.swift; sourceTree = "<group>"; };
		902EF58C1AD0273E00661600 /* FuelFilterSeeder.swift */ = {isa = PBXFileReference; fileEncoding = 4; lastKnownFileType = sourcecode.swift; path = FuelFilterSeeder.swift; sourceTree = "<group>"; };
		902EF58F1AD027CC00661600 /* FuelSeeder.swift */ = {isa = PBXFileReference; fileEncoding = 4; lastKnownFileType = sourcecode.swift; path = FuelSeeder.swift; sourceTree = "<group>"; };
		902EF5921AD0AD1900661600 /* fuels.json */ = {isa = PBXFileReference; fileEncoding = 4; lastKnownFileType = text.json; path = fuels.json; sourceTree = "<group>"; };
		902EF5951AD0B09700661600 /* DateFormatter.swift */ = {isa = PBXFileReference; fileEncoding = 4; lastKnownFileType = sourcecode.swift; path = DateFormatter.swift; sourceTree = "<group>"; };
		903DC21A1AC2CA690006EE71 /* FuelViewModel.swift */ = {isa = PBXFileReference; fileEncoding = 4; lastKnownFileType = sourcecode.swift; path = FuelViewModel.swift; sourceTree = "<group>"; };
		903DC21D1AC3ABFD0006EE71 /* FuelViewModelTests.swift */ = {isa = PBXFileReference; fileEncoding = 4; lastKnownFileType = sourcecode.swift; path = FuelViewModelTests.swift; sourceTree = "<group>"; };
		905067EB1B0AE89E00B63BEC /* FuelTableViewCell.swift */ = {isa = PBXFileReference; fileEncoding = 4; lastKnownFileType = sourcecode.swift; path = FuelTableViewCell.swift; sourceTree = "<group>"; };
		9057CA6D1ABA657C007740B0 /* DominicanFuel.app */ = {isa = PBXFileReference; explicitFileType = wrapper.application; includeInIndex = 0; path = DominicanFuel.app; sourceTree = BUILT_PRODUCTS_DIR; };
		9057CA711ABA657C007740B0 /* Info.plist */ = {isa = PBXFileReference; lastKnownFileType = text.plist.xml; path = Info.plist; sourceTree = "<group>"; };
		9057CA721ABA657C007740B0 /* AppDelegate.swift */ = {isa = PBXFileReference; lastKnownFileType = sourcecode.swift; path = AppDelegate.swift; sourceTree = "<group>"; };
		9057CA751ABA657C007740B0 /* DominicanFuel.xcdatamodel */ = {isa = PBXFileReference; lastKnownFileType = wrapper.xcdatamodel; path = DominicanFuel.xcdatamodel; sourceTree = "<group>"; };
		9057CA7A1ABA657C007740B0 /* Base */ = {isa = PBXFileReference; lastKnownFileType = file.storyboard; name = Base; path = Base.lproj/Main.storyboard; sourceTree = "<group>"; };
		9057CA7C1ABA657C007740B0 /* Images.xcassets */ = {isa = PBXFileReference; lastKnownFileType = folder.assetcatalog; path = Images.xcassets; sourceTree = "<group>"; };
		9057CA851ABA657C007740B0 /* DominicanFuelTests.xctest */ = {isa = PBXFileReference; explicitFileType = wrapper.cfbundle; includeInIndex = 0; path = DominicanFuelTests.xctest; sourceTree = BUILT_PRODUCTS_DIR; };
		9057CA8A1ABA657C007740B0 /* Info.plist */ = {isa = PBXFileReference; lastKnownFileType = text.plist.xml; path = Info.plist; sourceTree = "<group>"; };
		9057CA8B1ABA657C007740B0 /* DominicanFuelTests.swift */ = {isa = PBXFileReference; lastKnownFileType = sourcecode.swift; path = DominicanFuelTests.swift; sourceTree = "<group>"; };
		9057CA9D1ABA6B3B007740B0 /* FuelTests.swift */ = {isa = PBXFileReference; fileEncoding = 4; lastKnownFileType = sourcecode.swift; path = FuelTests.swift; sourceTree = "<group>"; };
		9057CA9F1ABDB0D8007740B0 /* DictionaryMapping.swift */ = {isa = PBXFileReference; fileEncoding = 4; lastKnownFileType = sourcecode.swift; path = DictionaryMapping.swift; sourceTree = "<group>"; };
		9057CAA01ABDB0D8007740B0 /* NetworkActivityIndicator.swift */ = {isa = PBXFileReference; fileEncoding = 4; lastKnownFileType = sourcecode.swift; path = NetworkActivityIndicator.swift; sourceTree = "<group>"; };
		9057CAA11ABDB0D8007740B0 /* RestRepositoryProtocol.swift */ = {isa = PBXFileReference; fileEncoding = 4; lastKnownFileType = sourcecode.swift; path = RestRepositoryProtocol.swift; sourceTree = "<group>"; };
		9057CAA21ABDB0D8007740B0 /* RestRepository.swift */ = {isa = PBXFileReference; fileEncoding = 4; lastKnownFileType = sourcecode.swift; path = RestRepository.swift; sourceTree = "<group>"; };
		9057CAA31ABDB0D8007740B0 /* NSURLExtension.swift */ = {isa = PBXFileReference; fileEncoding = 4; lastKnownFileType = sourcecode.swift; path = NSURLExtension.swift; sourceTree = "<group>"; };
		905B0A1E1B16BBA900EABB6F /* FuelTableViewCellFactory.swift */ = {isa = PBXFileReference; fileEncoding = 4; lastKnownFileType = sourcecode.swift; path = FuelTableViewCellFactory.swift; sourceTree = "<group>"; };
		905B0A241B16BD7F00EABB6F /* FuelDetailsTableViewHeaderImageView.swift */ = {isa = PBXFileReference; fileEncoding = 4; lastKnownFileType = sourcecode.swift; path = FuelDetailsTableViewHeaderImageView.swift; sourceTree = "<group>"; };
		905B0A2B1B16C4FF00EABB6F /* DeltaAssetsManager.swift */ = {isa = PBXFileReference; fileEncoding = 4; lastKnownFileType = sourcecode.swift; path = DeltaAssetsManager.swift; sourceTree = "<group>"; };
		905B0A311B16CA9B00EABB6F /* FuelsTableViewControllerFetchRequest.swift */ = {isa = PBXFileReference; fileEncoding = 4; lastKnownFileType = sourcecode.swift; path = FuelsTableViewControllerFetchRequest.swift; sourceTree = "<group>"; };
		905B0A341B16CFA200EABB6F /* APIConfiguration.swift */ = {isa = PBXFileReference; fileEncoding = 4; lastKnownFileType = sourcecode.swift; path = APIConfiguration.swift; sourceTree = "<group>"; };
		905FE8C51AEC6C6400745D97 /* AbstractFactory.swift */ = {isa = PBXFileReference; fileEncoding = 4; lastKnownFileType = sourcecode.swift; path = AbstractFactory.swift; sourceTree = "<group>"; };
		905FE8C81AEC73BA00745D97 /* NetworkResponse.swift */ = {isa = PBXFileReference; fileEncoding = 4; lastKnownFileType = sourcecode.swift; path = NetworkResponse.swift; sourceTree = "<group>"; };
		906093121AE295A3003FFEE2 /* FuelViewModelFactory.swift */ = {isa = PBXFileReference; fileEncoding = 4; lastKnownFileType = sourcecode.swift; path = FuelViewModelFactory.swift; sourceTree = "<group>"; };
		906CE7CA1ABDDE8400B45CCF /* FuelsTableViewController.swift */ = {isa = PBXFileReference; fileEncoding = 4; lastKnownFileType = sourcecode.swift; path = FuelsTableViewController.swift; sourceTree = "<group>"; };
		907529F91B24175200583DD6 /* FuelFetcher.swift */ = {isa = PBXFileReference; fileEncoding = 4; lastKnownFileType = sourcecode.swift; path = FuelFetcher.swift; sourceTree = "<group>"; };
		9085757A1B5A1C7700636BE4 /* DominicanFuel 3.xcdatamodel */ = {isa = PBXFileReference; lastKnownFileType = wrapper.xcdatamodel; path = "DominicanFuel 3.xcdatamodel"; sourceTree = "<group>"; };
		9095874E1B044F1000E30362 /* AudioToolbox.framework */ = {isa = PBXFileReference; lastKnownFileType = wrapper.framework; name = AudioToolbox.framework; path = System/Library/Frameworks/AudioToolbox.framework; sourceTree = SDKROOT; };
		909587501B044F1600E30362 /* AdSupport.framework */ = {isa = PBXFileReference; lastKnownFileType = wrapper.framework; name = AdSupport.framework; path = System/Library/Frameworks/AdSupport.framework; sourceTree = SDKROOT; };
		909587521B044F1B00E30362 /* CoreGraphics.framework */ = {isa = PBXFileReference; lastKnownFileType = wrapper.framework; name = CoreGraphics.framework; path = System/Library/Frameworks/CoreGraphics.framework; sourceTree = SDKROOT; };
		909587541B044F2100E30362 /* CoreTelephony.framework */ = {isa = PBXFileReference; lastKnownFileType = wrapper.framework; name = CoreTelephony.framework; path = System/Library/Frameworks/CoreTelephony.framework; sourceTree = SDKROOT; };
		909587561B044F2800E30362 /* EventKit.framework */ = {isa = PBXFileReference; lastKnownFileType = wrapper.framework; name = EventKit.framework; path = System/Library/Frameworks/EventKit.framework; sourceTree = SDKROOT; };
		909587571B044F2800E30362 /* EventKitUI.framework */ = {isa = PBXFileReference; lastKnownFileType = wrapper.framework; name = EventKitUI.framework; path = System/Library/Frameworks/EventKitUI.framework; sourceTree = SDKROOT; };
		9095875A1B044F2E00E30362 /* MessageUI.framework */ = {isa = PBXFileReference; lastKnownFileType = wrapper.framework; name = MessageUI.framework; path = System/Library/Frameworks/MessageUI.framework; sourceTree = SDKROOT; };
		9095875C1B044F3200E30362 /* StoreKit.framework */ = {isa = PBXFileReference; lastKnownFileType = wrapper.framework; name = StoreKit.framework; path = System/Library/Frameworks/StoreKit.framework; sourceTree = SDKROOT; };
		9095875E1B044F3900E30362 /* SystemConfiguration.framework */ = {isa = PBXFileReference; lastKnownFileType = wrapper.framework; name = SystemConfiguration.framework; path = System/Library/Frameworks/SystemConfiguration.framework; sourceTree = SDKROOT; };
		909587601B04530500E30362 /* iAd.framework */ = {isa = PBXFileReference; lastKnownFileType = wrapper.framework; name = iAd.framework; path = System/Library/Frameworks/iAd.framework; sourceTree = SDKROOT; };
		90A7FF8F1AE2052700A8597C /* FuelDetailsTableViewController.swift */ = {isa = PBXFileReference; fileEncoding = 4; lastKnownFileType = sourcecode.swift; path = FuelDetailsTableViewController.swift; sourceTree = "<group>"; };
		90AD3B3B1AD61B1D00785573 /* ViewController.swift */ = {isa = PBXFileReference; fileEncoding = 4; lastKnownFileType = sourcecode.swift; path = ViewController.swift; sourceTree = "<group>"; };
		90AD3B3E1AD69F2800785573 /* Date.swift */ = {isa = PBXFileReference; fileEncoding = 4; lastKnownFileType = sourcecode.swift; path = Date.swift; sourceTree = "<group>"; };
		90AD3B411AD69F9000785573 /* DateExtensionsTests.swift */ = {isa = PBXFileReference; fileEncoding = 4; lastKnownFileType = sourcecode.swift; path = DateExtensionsTests.swift; sourceTree = "<group>"; };
		90B3C7E31B535BC500354846 /* JBBaseChartViewController.h */ = {isa = PBXFileReference; fileEncoding = 4; lastKnownFileType = sourcecode.c.h; path = JBBaseChartViewController.h; sourceTree = "<group>"; };
		90B3C7E41B535BC500354846 /* JBBaseChartViewController.m */ = {isa = PBXFileReference; fileEncoding = 4; lastKnownFileType = sourcecode.c.objc; path = JBBaseChartViewController.m; sourceTree = "<group>"; };
		90B3C7E61B535C0200354846 /* JBChartTooltipView.h */ = {isa = PBXFileReference; fileEncoding = 4; lastKnownFileType = sourcecode.c.h; path = JBChartTooltipView.h; sourceTree = "<group>"; };
		90B3C7E71B535C0200354846 /* JBChartTooltipView.m */ = {isa = PBXFileReference; fileEncoding = 4; lastKnownFileType = sourcecode.c.objc; path = JBChartTooltipView.m; sourceTree = "<group>"; };
		90B3C7E91B535D1000354846 /* JBChartTooltipTipView.h */ = {isa = PBXFileReference; fileEncoding = 4; lastKnownFileType = sourcecode.c.h; path = JBChartTooltipTipView.h; sourceTree = "<group>"; };
		90B3C7EA1B535D1000354846 /* JBChartTooltipTipView.m */ = {isa = PBXFileReference; fileEncoding = 4; lastKnownFileType = sourcecode.c.objc; path = JBChartTooltipTipView.m; sourceTree = "<group>"; };
		90B3C7EC1B53D01E00354846 /* TooltipViewController.swift */ = {isa = PBXFileReference; fileEncoding = 4; lastKnownFileType = sourcecode.swift; path = TooltipViewController.swift; sourceTree = "<group>"; };
		90B695671AC4F45100BC8B7B /* ChartViewController.swift */ = {isa = PBXFileReference; fileEncoding = 4; lastKnownFileType = sourcecode.swift; path = ChartViewController.swift; sourceTree = "<group>"; };
		90B695691AC56A9F00BC8B7B /* DominicanFuel-Bridging-Header.h */ = {isa = PBXFileReference; lastKnownFileType = sourcecode.c.h; path = "DominicanFuel-Bridging-Header.h"; sourceTree = "<group>"; };
		90BA14471AE74451007BB5F9 /* FuelRepository.swift */ = {isa = PBXFileReference; fileEncoding = 4; lastKnownFileType = sourcecode.swift; path = FuelRepository.swift; sourceTree = "<group>"; };
		90E12E091B18901D00AF3A52 /* TableViewCellViewModel.swift */ = {isa = PBXFileReference; fileEncoding = 4; lastKnownFileType = sourcecode.swift; path = TableViewCellViewModel.swift; sourceTree = "<group>"; };
		90E12E0B1B1BE55D00AF3A52 /* LaunchScreen.storyboard */ = {isa = PBXFileReference; fileEncoding = 4; lastKnownFileType = file.storyboard; path = LaunchScreen.storyboard; sourceTree = "<group>"; };
		944AA7BC5C89A49589B2E2DE /* Pods-DominicanFuel.release.xcconfig */ = {isa = PBXFileReference; includeInIndex = 1; lastKnownFileType = text.xcconfig; name = "Pods-DominicanFuel.release.xcconfig"; path = "Pods/Target Support Files/Pods-DominicanFuel/Pods-DominicanFuel.release.xcconfig"; sourceTree = "<group>"; };
		A6413DFB845310199DBB3C8B /* libPods-DominicanFuelTests.a */ = {isa = PBXFileReference; explicitFileType = archive.ar; includeInIndex = 0; path = "libPods-DominicanFuelTests.a"; sourceTree = BUILT_PRODUCTS_DIR; };
		B7524CAA300D5DBD1311CD27 /* Pods-DominicanFuel.debug.xcconfig */ = {isa = PBXFileReference; includeInIndex = 1; lastKnownFileType = text.xcconfig; name = "Pods-DominicanFuel.debug.xcconfig"; path = "Pods/Target Support Files/Pods-DominicanFuel/Pods-DominicanFuel.debug.xcconfig"; sourceTree = "<group>"; };
		FFFBBE4C694049954BE45151 /* Pods-DominicanFuelTests.debug.xcconfig */ = {isa = PBXFileReference; includeInIndex = 1; lastKnownFileType = text.xcconfig; name = "Pods-DominicanFuelTests.debug.xcconfig"; path = "Pods/Target Support Files/Pods-DominicanFuelTests/Pods-DominicanFuelTests.debug.xcconfig"; sourceTree = "<group>"; };
/* End PBXFileReference section */

/* Begin PBXFrameworksBuildPhase section */
		9057CA6A1ABA657C007740B0 /* Frameworks */ = {
			isa = PBXFrameworksBuildPhase;
			buildActionMask = 2147483647;
			files = (
				909587611B04530500E30362 /* iAd.framework in Frameworks */,
				AA65E249153437B8731E5FDE /* libPods-DominicanFuel.a in Frameworks */,
			);
			runOnlyForDeploymentPostprocessing = 0;
		};
		9057CA821ABA657C007740B0 /* Frameworks */ = {
			isa = PBXFrameworksBuildPhase;
			buildActionMask = 2147483647;
			files = (
				8B03FB44D76994044AF7D56A /* libPods-DominicanFuelTests.a in Frameworks */,
			);
			runOnlyForDeploymentPostprocessing = 0;
		};
/* End PBXFrameworksBuildPhase section */

/* Begin PBXGroup section */
		902EF56F1ACB872B00661600 /* CoreData */ = {
			isa = PBXGroup;
			children = (
				902EF5731ACB899100661600 /* ManagedDocumentCoordinator.swift */,
			);
			name = CoreData;
			sourceTree = "<group>";
		};
		902EF58B1AD0270800661600 /* Core Data Seeders */ = {
			isa = PBXGroup;
			children = (
				902EF5811ACCDF1E00661600 /* CoreDataSeeder.swift */,
				902EF58C1AD0273E00661600 /* FuelFilterSeeder.swift */,
				902EF58F1AD027CC00661600 /* FuelSeeder.swift */,
				902EF5921AD0AD1900661600 /* fuels.json */,
			);
			name = "Core Data Seeders";
			sourceTree = "<group>";
		};
		902EF5981AD0C44E00661600 /* Fetch Requests */ = {
			isa = PBXGroup;
			children = (
				905B0A311B16CA9B00EABB6F /* FuelsTableViewControllerFetchRequest.swift */,
			);
			name = "Fetch Requests";
			sourceTree = "<group>";
		};
		9057CA641ABA657B007740B0 = {
			isa = PBXGroup;
			children = (
				9057CA6F1ABA657C007740B0 /* DominicanFuel */,
				9057CA881ABA657C007740B0 /* DominicanFuelTests */,
				9057CA6E1ABA657C007740B0 /* Products */,
				D048E441D1B89F2D686BD006 /* Pods */,
				E152F87E5070B29D99557FC0 /* Frameworks */,
			);
			sourceTree = "<group>";
		};
		9057CA6E1ABA657C007740B0 /* Products */ = {
			isa = PBXGroup;
			children = (
				9057CA6D1ABA657C007740B0 /* DominicanFuel.app */,
				9057CA851ABA657C007740B0 /* DominicanFuelTests.xctest */,
			);
			name = Products;
			sourceTree = "<group>";
		};
		9057CA6F1ABA657C007740B0 /* DominicanFuel */ = {
			isa = PBXGroup;
			children = (
				90AD3B431AD7D26E00785573 /* Enum */,
				90AD3B3A1AD61B0700785573 /* Extensions */,
				902EF56F1ACB872B00661600 /* CoreData */,
				9057CAAE1ABDB0F8007740B0 /* JTRestRepository */,
				9057CA951ABA6878007740B0 /* Models */,
				9057CA9A1ABA6A19007740B0 /* View Models */,
				906CE7C91ABDDE6000B45CCF /* Controllers */,
				90A7FF911AE20A1900A8597C /* Cells */,
				902EF58B1AD0270800661600 /* Core Data Seeders */,
				902EF5981AD0C44E00661600 /* Fetch Requests */,
				905B0A2A1B16C3FF00EABB6F /* Views */,
				9057CA721ABA657C007740B0 /* AppDelegate.swift */,
				90E12E0B1B1BE55D00AF3A52 /* LaunchScreen.storyboard */,
				9057CA791ABA657C007740B0 /* Main.storyboard */,
				9057CA701ABA657C007740B0 /* Supporting Files */,
			);
			path = DominicanFuel;
			sourceTree = "<group>";
		};
		9057CA701ABA657C007740B0 /* Supporting Files */ = {
			isa = PBXGroup;
			children = (
				9057CA7C1ABA657C007740B0 /* Images.xcassets */,
				9057CA741ABA657C007740B0 /* DominicanFuel.xcdatamodeld */,
				9057CA711ABA657C007740B0 /* Info.plist */,
				90B695691AC56A9F00BC8B7B /* DominicanFuel-Bridging-Header.h */,
			);
			name = "Supporting Files";
			sourceTree = "<group>";
		};
		9057CA881ABA657C007740B0 /* DominicanFuelTests */ = {
			isa = PBXGroup;
			children = (
				902EF57C1ACC0D3100661600 /* DominicanFuelTests-Bridging-Header.h */,
				9057CA8B1ABA657C007740B0 /* DominicanFuelTests.swift */,
				9057CA891ABA657C007740B0 /* Supporting Files */,
				9057CA9D1ABA6B3B007740B0 /* FuelTests.swift */,
				903DC21D1AC3ABFD0006EE71 /* FuelViewModelTests.swift */,
				90AD3B411AD69F9000785573 /* DateExtensionsTests.swift */,
			);
			path = DominicanFuelTests;
			sourceTree = "<group>";
		};
		9057CA891ABA657C007740B0 /* Supporting Files */ = {
			isa = PBXGroup;
			children = (
				9057CA8A1ABA657C007740B0 /* Info.plist */,
			);
			name = "Supporting Files";
			sourceTree = "<group>";
		};
		9057CA951ABA6878007740B0 /* Models */ = {
			isa = PBXGroup;
			children = (
				902EF5851AD0235200661600 /* Fuel.swift */,
				902EF5631ACA43E000661600 /* FuelType.swift */,
				902EF5881AD0242400661600 /* FuelExtension.swift */,
				902EF5701ACB878900661600 /* FuelFilter.swift */,
				902EF5761ACB97E300661600 /* FuelFilterExtension.swift */,
				902EF5791ACC070700661600 /* DominicanFuelManagedDocumentCoordinator.swift */,
				90BA14471AE74451007BB5F9 /* FuelRepository.swift */,
				901348B31B093CE2009E9AE3 /* MobileDevice.swift */,
				901348B51B093D91009E9AE3 /* MobileDeviceRepository.swift */,
				905B0A1E1B16BBA900EABB6F /* FuelTableViewCellFactory.swift */,
				905B0A2B1B16C4FF00EABB6F /* DeltaAssetsManager.swift */,
				905B0A341B16CFA200EABB6F /* APIConfiguration.swift */,
				907529F91B24175200583DD6 /* FuelFetcher.swift */,
			);
			name = Models;
			sourceTree = "<group>";
		};
		9057CA9A1ABA6A19007740B0 /* View Models */ = {
			isa = PBXGroup;
			children = (
				903DC21A1AC2CA690006EE71 /* FuelViewModel.swift */,
				906093121AE295A3003FFEE2 /* FuelViewModelFactory.swift */,
				90E12E091B18901D00AF3A52 /* TableViewCellViewModel.swift */,
			);
			name = "View Models";
			sourceTree = "<group>";
		};
		9057CAAE1ABDB0F8007740B0 /* JTRestRepository */ = {
			isa = PBXGroup;
			children = (
				9057CA9F1ABDB0D8007740B0 /* DictionaryMapping.swift */,
				9057CAA01ABDB0D8007740B0 /* NetworkActivityIndicator.swift */,
				9057CAA11ABDB0D8007740B0 /* RestRepositoryProtocol.swift */,
				9057CAA21ABDB0D8007740B0 /* RestRepository.swift */,
				9057CAA31ABDB0D8007740B0 /* NSURLExtension.swift */,
				905FE8C51AEC6C6400745D97 /* AbstractFactory.swift */,
				905FE8C81AEC73BA00745D97 /* NetworkResponse.swift */,
			);
			name = JTRestRepository;
			sourceTree = "<group>";
		};
		905B0A2A1B16C3FF00EABB6F /* Views */ = {
			isa = PBXGroup;
			children = (
				905B0A241B16BD7F00EABB6F /* FuelDetailsTableViewHeaderImageView.swift */,
			);
			name = Views;
			sourceTree = "<group>";
		};
		906CE7C91ABDDE6000B45CCF /* Controllers */ = {
			isa = PBXGroup;
			children = (
				90B3C7E31B535BC500354846 /* JBBaseChartViewController.h */,
				90B3C7E41B535BC500354846 /* JBBaseChartViewController.m */,
				90B3C7E61B535C0200354846 /* JBChartTooltipView.h */,
				90B3C7E71B535C0200354846 /* JBChartTooltipView.m */,
				90B3C7E91B535D1000354846 /* JBChartTooltipTipView.h */,
				90B3C7EA1B535D1000354846 /* JBChartTooltipTipView.m */,
				90B3C7EC1B53D01E00354846 /* TooltipViewController.swift */,
				902EF57D1ACC0D3200661600 /* CoreDataTableViewController.h */,
				902EF57E1ACC0D3200661600 /* CoreDataTableViewController.m */,
				906CE7CA1ABDDE8400B45CCF /* FuelsTableViewController.swift */,
				90B695671AC4F45100BC8B7B /* ChartViewController.swift */,
				902EF5601AC9692100661600 /* FilterTableViewController.swift */,
				901685481ADA1663000BD502 /* ChartTimespanTableViewController.swift */,
				90A7FF8F1AE2052700A8597C /* FuelDetailsTableViewController.swift */,
			);
			name = Controllers;
			sourceTree = "<group>";
		};
		90A7FF911AE20A1900A8597C /* Cells */ = {
			isa = PBXGroup;
			children = (
				905067EB1B0AE89E00B63BEC /* FuelTableViewCell.swift */,
			);
			name = Cells;
			sourceTree = "<group>";
		};
		90AD3B3A1AD61B0700785573 /* Extensions */ = {
			isa = PBXGroup;
			children = (
				902EF5951AD0B09700661600 /* DateFormatter.swift */,
				90AD3B3B1AD61B1D00785573 /* ViewController.swift */,
			);
			name = Extensions;
			sourceTree = "<group>";
		};
		90AD3B431AD7D26E00785573 /* Enum */ = {
			isa = PBXGroup;
			children = (
				90AD3B3E1AD69F2800785573 /* Date.swift */,
			);
			name = Enum;
			sourceTree = "<group>";
		};
		D048E441D1B89F2D686BD006 /* Pods */ = {
			isa = PBXGroup;
			children = (
				B7524CAA300D5DBD1311CD27 /* Pods-DominicanFuel.debug.xcconfig */,
				944AA7BC5C89A49589B2E2DE /* Pods-DominicanFuel.release.xcconfig */,
				FFFBBE4C694049954BE45151 /* Pods-DominicanFuelTests.debug.xcconfig */,
				19F066EF8FB36E01E5A54308 /* Pods-DominicanFuelTests.release.xcconfig */,
			);
			name = Pods;
			sourceTree = "<group>";
		};
		E152F87E5070B29D99557FC0 /* Frameworks */ = {
			isa = PBXGroup;
			children = (
				909587601B04530500E30362 /* iAd.framework */,
				9095875E1B044F3900E30362 /* SystemConfiguration.framework */,
				9095875C1B044F3200E30362 /* StoreKit.framework */,
				9095875A1B044F2E00E30362 /* MessageUI.framework */,
				909587561B044F2800E30362 /* EventKit.framework */,
				909587571B044F2800E30362 /* EventKitUI.framework */,
				909587541B044F2100E30362 /* CoreTelephony.framework */,
				909587521B044F1B00E30362 /* CoreGraphics.framework */,
				909587501B044F1600E30362 /* AdSupport.framework */,
				9095874E1B044F1000E30362 /* AudioToolbox.framework */,
				6207C26A349907EABA381A79 /* libPods-DominicanFuel.a */,
				A6413DFB845310199DBB3C8B /* libPods-DominicanFuelTests.a */,
			);
			name = Frameworks;
			sourceTree = "<group>";
		};
/* End PBXGroup section */

/* Begin PBXNativeTarget section */
		9057CA6C1ABA657C007740B0 /* DominicanFuel */ = {
			isa = PBXNativeTarget;
			buildConfigurationList = 9057CA8F1ABA657C007740B0 /* Build configuration list for PBXNativeTarget "DominicanFuel" */;
			buildPhases = (
				B91705DEEB0333A1C8589B9D /* Check Pods Manifest.lock */,
				9057CA691ABA657C007740B0 /* Sources */,
				9057CA6A1ABA657C007740B0 /* Frameworks */,
				9057CA6B1ABA657C007740B0 /* Resources */,
				69F3016823761D9C8DFD898E /* Copy Pods Resources */,
			);
			buildRules = (
			);
			dependencies = (
			);
			name = DominicanFuel;
			productName = DominicanFuel;
			productReference = 9057CA6D1ABA657C007740B0 /* DominicanFuel.app */;
			productType = "com.apple.product-type.application";
		};
		9057CA841ABA657C007740B0 /* DominicanFuelTests */ = {
			isa = PBXNativeTarget;
			buildConfigurationList = 9057CA921ABA657C007740B0 /* Build configuration list for PBXNativeTarget "DominicanFuelTests" */;
			buildPhases = (
				FE88B80A7F2866720FFF7DAC /* Check Pods Manifest.lock */,
				9057CA811ABA657C007740B0 /* Sources */,
				9057CA821ABA657C007740B0 /* Frameworks */,
				9057CA831ABA657C007740B0 /* Resources */,
				D50B96BFA1905848670A90CE /* Copy Pods Resources */,
			);
			buildRules = (
			);
			dependencies = (
				9057CA871ABA657C007740B0 /* PBXTargetDependency */,
			);
			name = DominicanFuelTests;
			productName = DominicanFuelTests;
			productReference = 9057CA851ABA657C007740B0 /* DominicanFuelTests.xctest */;
			productType = "com.apple.product-type.bundle.unit-test";
		};
/* End PBXNativeTarget section */

/* Begin PBXProject section */
		9057CA651ABA657B007740B0 /* Project object */ = {
			isa = PBXProject;
			attributes = {
				LastUpgradeCheck = 0620;
				ORGANIZATIONNAME = "Julian Tejera";
				TargetAttributes = {
					9057CA6C1ABA657C007740B0 = {
						CreatedOnToolsVersion = 6.2;
						DevelopmentTeam = VDYWQG4YL7;
					};
					9057CA841ABA657C007740B0 = {
						CreatedOnToolsVersion = 6.2;
						DevelopmentTeam = VDYWQG4YL7;
						TestTargetID = 9057CA6C1ABA657C007740B0;
					};
				};
			};
			buildConfigurationList = 9057CA681ABA657B007740B0 /* Build configuration list for PBXProject "DominicanFuel" */;
			compatibilityVersion = "Xcode 3.2";
			developmentRegion = English;
			hasScannedForEncodings = 0;
			knownRegions = (
				en,
				Base,
			);
			mainGroup = 9057CA641ABA657B007740B0;
			productRefGroup = 9057CA6E1ABA657C007740B0 /* Products */;
			projectDirPath = "";
			projectRoot = "";
			targets = (
				9057CA6C1ABA657C007740B0 /* DominicanFuel */,
				9057CA841ABA657C007740B0 /* DominicanFuelTests */,
			);
		};
/* End PBXProject section */

/* Begin PBXResourcesBuildPhase section */
		9057CA6B1ABA657C007740B0 /* Resources */ = {
			isa = PBXResourcesBuildPhase;
			buildActionMask = 2147483647;
			files = (
				9057CA7B1ABA657C007740B0 /* Main.storyboard in Resources */,
				902EF5931AD0AD1900661600 /* fuels.json in Resources */,
				90E12E0C1B1BE55D00AF3A52 /* LaunchScreen.storyboard in Resources */,
				9057CA7D1ABA657C007740B0 /* Images.xcassets in Resources */,
			);
			runOnlyForDeploymentPostprocessing = 0;
		};
		9057CA831ABA657C007740B0 /* Resources */ = {
			isa = PBXResourcesBuildPhase;
			buildActionMask = 2147483647;
			files = (
				902EF5941AD0AD1900661600 /* fuels.json in Resources */,
			);
			runOnlyForDeploymentPostprocessing = 0;
		};
/* End PBXResourcesBuildPhase section */

/* Begin PBXShellScriptBuildPhase section */
		69F3016823761D9C8DFD898E /* Copy Pods Resources */ = {
			isa = PBXShellScriptBuildPhase;
			buildActionMask = 2147483647;
			files = (
			);
			inputPaths = (
			);
			name = "Copy Pods Resources";
			outputPaths = (
			);
			runOnlyForDeploymentPostprocessing = 0;
			shellPath = /bin/sh;
			shellScript = "\"${SRCROOT}/Pods/Target Support Files/Pods-DominicanFuel/Pods-DominicanFuel-resources.sh\"\n";
			showEnvVarsInLog = 0;
		};
		B91705DEEB0333A1C8589B9D /* Check Pods Manifest.lock */ = {
			isa = PBXShellScriptBuildPhase;
			buildActionMask = 2147483647;
			files = (
			);
			inputPaths = (
			);
			name = "Check Pods Manifest.lock";
			outputPaths = (
			);
			runOnlyForDeploymentPostprocessing = 0;
			shellPath = /bin/sh;
			shellScript = "diff \"${PODS_ROOT}/../Podfile.lock\" \"${PODS_ROOT}/Manifest.lock\" > /dev/null\nif [[ $? != 0 ]] ; then\n    cat << EOM\nerror: The sandbox is not in sync with the Podfile.lock. Run 'pod install' or update your CocoaPods installation.\nEOM\n    exit 1\nfi\n";
			showEnvVarsInLog = 0;
		};
		D50B96BFA1905848670A90CE /* Copy Pods Resources */ = {
			isa = PBXShellScriptBuildPhase;
			buildActionMask = 2147483647;
			files = (
			);
			inputPaths = (
			);
			name = "Copy Pods Resources";
			outputPaths = (
			);
			runOnlyForDeploymentPostprocessing = 0;
			shellPath = /bin/sh;
			shellScript = "\"${SRCROOT}/Pods/Target Support Files/Pods-DominicanFuelTests/Pods-DominicanFuelTests-resources.sh\"\n";
			showEnvVarsInLog = 0;
		};
		FE88B80A7F2866720FFF7DAC /* Check Pods Manifest.lock */ = {
			isa = PBXShellScriptBuildPhase;
			buildActionMask = 2147483647;
			files = (
			);
			inputPaths = (
			);
			name = "Check Pods Manifest.lock";
			outputPaths = (
			);
			runOnlyForDeploymentPostprocessing = 0;
			shellPath = /bin/sh;
			shellScript = "diff \"${PODS_ROOT}/../Podfile.lock\" \"${PODS_ROOT}/Manifest.lock\" > /dev/null\nif [[ $? != 0 ]] ; then\n    cat << EOM\nerror: The sandbox is not in sync with the Podfile.lock. Run 'pod install' or update your CocoaPods installation.\nEOM\n    exit 1\nfi\n";
			showEnvVarsInLog = 0;
		};
/* End PBXShellScriptBuildPhase section */

/* Begin PBXSourcesBuildPhase section */
		9057CA691ABA657C007740B0 /* Sources */ = {
			isa = PBXSourcesBuildPhase;
			buildActionMask = 2147483647;
			files = (
				902EF5741ACB899100661600 /* ManagedDocumentCoordinator.swift in Sources */,
				905067EC1B0AE89E00B63BEC /* FuelTableViewCell.swift in Sources */,
				90B3C7E81B535C0200354846 /* JBChartTooltipView.m in Sources */,
				902EF57A1ACC070700661600 /* DominicanFuelManagedDocumentCoordinator.swift in Sources */,
				90B695681AC4F45100BC8B7B /* ChartViewController.swift in Sources */,
				901348B41B093CE2009E9AE3 /* MobileDevice.swift in Sources */,
				90A7FF901AE2052700A8597C /* FuelDetailsTableViewController.swift in Sources */,
				9057CAAC1ABDB0D8007740B0 /* NSURLExtension.swift in Sources */,
				9057CAA61ABDB0D8007740B0 /* NetworkActivityIndicator.swift in Sources */,
				902EF5891AD0242400661600 /* FuelExtension.swift in Sources */,
				902EF5961AD0B09700661600 /* DateFormatter.swift in Sources */,
				905FE8C91AEC73BA00745D97 /* NetworkResponse.swift in Sources */,
				905B0A1F1B16BBA900EABB6F /* FuelTableViewCellFactory.swift in Sources */,
				90AD3B3C1AD61B1D00785573 /* ViewController.swift in Sources */,
				90BA14481AE74451007BB5F9 /* FuelRepository.swift in Sources */,
				903DC21B1AC2CA690006EE71 /* FuelViewModel.swift in Sources */,
				905B0A251B16BD7F00EABB6F /* FuelDetailsTableViewHeaderImageView.swift in Sources */,
				90B3C7ED1B53D01E00354846 /* TooltipViewController.swift in Sources */,
				905FE8C61AEC6C6400745D97 /* AbstractFactory.swift in Sources */,
				902EF5901AD027CC00661600 /* FuelSeeder.swift in Sources */,
				90B3C7E51B535BC500354846 /* JBBaseChartViewController.m in Sources */,
				902EF5861AD0235200661600 /* Fuel.swift in Sources */,
				905B0A2C1B16C4FF00EABB6F /* DeltaAssetsManager.swift in Sources */,
				9057CAA41ABDB0D8007740B0 /* DictionaryMapping.swift in Sources */,
				9057CA761ABA657C007740B0 /* DominicanFuel.xcdatamodeld in Sources */,
				901685491ADA1664000BD502 /* ChartTimespanTableViewController.swift in Sources */,
				902EF5821ACCDF1E00661600 /* CoreDataSeeder.swift in Sources */,
				901348B61B093D91009E9AE3 /* MobileDeviceRepository.swift in Sources */,
				902EF5641ACA43E000661600 /* FuelType.swift in Sources */,
				905B0A351B16CFA200EABB6F /* APIConfiguration.swift in Sources */,
				905B0A321B16CA9B00EABB6F /* FuelsTableViewControllerFetchRequest.swift in Sources */,
				906093131AE295A3003FFEE2 /* FuelViewModelFactory.swift in Sources */,
				90B3C7EB1B535D1000354846 /* JBChartTooltipTipView.m in Sources */,
				9057CA731ABA657C007740B0 /* AppDelegate.swift in Sources */,
				9057CAAA1ABDB0D8007740B0 /* RestRepository.swift in Sources */,
				902EF57F1ACC0D3200661600 /* CoreDataTableViewController.m in Sources */,
				902EF5611AC9692100661600 /* FilterTableViewController.swift in Sources */,
				902EF5711ACB878900661600 /* FuelFilter.swift in Sources */,
				9057CAA81ABDB0D8007740B0 /* RestRepositoryProtocol.swift in Sources */,
				906CE7CB1ABDDE8400B45CCF /* FuelsTableViewController.swift in Sources */,
				907529FA1B24175200583DD6 /* FuelFetcher.swift in Sources */,
				90E12E0A1B18901D00AF3A52 /* TableViewCellViewModel.swift in Sources */,
				902EF5771ACB97E300661600 /* FuelFilterExtension.swift in Sources */,
				90AD3B3F1AD69F2800785573 /* Date.swift in Sources */,
				902EF58D1AD0273E00661600 /* FuelFilterSeeder.swift in Sources */,
			);
			runOnlyForDeploymentPostprocessing = 0;
		};
		9057CA811ABA657C007740B0 /* Sources */ = {
			isa = PBXSourcesBuildPhase;
			buildActionMask = 2147483647;
			files = (
				90AD3B3D1AD61B1D00785573 /* ViewController.swift in Sources */,
				907529FB1B24175200583DD6 /* FuelFetcher.swift in Sources */,
				90AD3B441AD7D43B00785573 /* ChartViewController.swift in Sources */,
				902EF5971AD0B09700661600 /* DateFormatter.swift in Sources */,
				90AD3B421AD69F9000785573 /* DateExtensionsTests.swift in Sources */,
				903DC21C1AC2CA690006EE71 /* FuelViewModel.swift in Sources */,
				902EF5751ACB899100661600 /* ManagedDocumentCoordinator.swift in Sources */,
				9057CAAD1ABDB0D8007740B0 /* NSURLExtension.swift in Sources */,
				90BA14491AE74A04007BB5F9 /* FuelRepository.swift in Sources */,
				905FE8CA1AEC73BA00745D97 /* NetworkResponse.swift in Sources */,
				9016854A1ADA1664000BD502 /* ChartTimespanTableViewController.swift in Sources */,
				903DC21E1AC3ABFD0006EE71 /* FuelViewModelTests.swift in Sources */,
				9057CAA71ABDB0D8007740B0 /* NetworkActivityIndicator.swift in Sources */,
				902EF5721ACB878900661600 /* FuelFilter.swift in Sources */,
				906093141AE295A3003FFEE2 /* FuelViewModelFactory.swift in Sources */,
				902EF57B1ACC070700661600 /* DominicanFuelManagedDocumentCoordinator.swift in Sources */,
				902EF5911AD027CC00661600 /* FuelSeeder.swift in Sources */,
				9057CAA51ABDB0D8007740B0 /* DictionaryMapping.swift in Sources */,
				90A7FF951AE20D6A00A8597C /* FuelDetailsTableViewController.swift in Sources */,
				90AD3B401AD69F2C00785573 /* Date.swift in Sources */,
				902EF5871AD0235200661600 /* Fuel.swift in Sources */,
				902EF58E1AD0273E00661600 /* FuelFilterSeeder.swift in Sources */,
				905B0A361B16CFA200EABB6F /* APIConfiguration.swift in Sources */,
				905B0A331B16CA9B00EABB6F /* FuelsTableViewControllerFetchRequest.swift in Sources */,
				902EF5651ACA43E000661600 /* FuelType.swift in Sources */,
				9057CA8C1ABA657C007740B0 /* DominicanFuelTests.swift in Sources */,
				905B0A261B16BD7F00EABB6F /* FuelDetailsTableViewHeaderImageView.swift in Sources */,
				905B0A2D1B16C4FF00EABB6F /* DeltaAssetsManager.swift in Sources */,
				902EF5781ACB97E300661600 /* FuelFilterExtension.swift in Sources */,
				905067ED1B0AE8C100B63BEC /* FuelTableViewCell.swift in Sources */,
				9057CA9E1ABA6B3B007740B0 /* FuelTests.swift in Sources */,
				902EF5621AC9692100661600 /* FilterTableViewController.swift in Sources */,
				90B3C7EE1B53D01E00354846 /* TooltipViewController.swift in Sources */,
				902EF5831ACCDF1E00661600 /* CoreDataSeeder.swift in Sources */,
				906CE7CC1ABDDE8400B45CCF /* FuelsTableViewController.swift in Sources */,
				905FE8C71AEC6C6400745D97 /* AbstractFactory.swift in Sources */,
				9057CAAB1ABDB0D8007740B0 /* RestRepository.swift in Sources */,
				9057CAA91ABDB0D8007740B0 /* RestRepositoryProtocol.swift in Sources */,
				902EF58A1AD0242400661600 /* FuelExtension.swift in Sources */,
				905B0A201B16BC7D00EABB6F /* FuelTableViewCellFactory.swift in Sources */,
			);
			runOnlyForDeploymentPostprocessing = 0;
		};
/* End PBXSourcesBuildPhase section */

/* Begin PBXTargetDependency section */
		9057CA871ABA657C007740B0 /* PBXTargetDependency */ = {
			isa = PBXTargetDependency;
			target = 9057CA6C1ABA657C007740B0 /* DominicanFuel */;
			targetProxy = 9057CA861ABA657C007740B0 /* PBXContainerItemProxy */;
		};
/* End PBXTargetDependency section */

/* Begin PBXVariantGroup section */
		9057CA791ABA657C007740B0 /* Main.storyboard */ = {
			isa = PBXVariantGroup;
			children = (
				9057CA7A1ABA657C007740B0 /* Base */,
			);
			name = Main.storyboard;
			sourceTree = "<group>";
		};
/* End PBXVariantGroup section */

/* Begin XCBuildConfiguration section */
		9057CA8D1ABA657C007740B0 /* Debug */ = {
			isa = XCBuildConfiguration;
			buildSettings = {
				ALWAYS_SEARCH_USER_PATHS = NO;
				CLANG_CXX_LANGUAGE_STANDARD = "gnu++0x";
				CLANG_CXX_LIBRARY = "libc++";
				CLANG_ENABLE_MODULES = YES;
				CLANG_ENABLE_OBJC_ARC = YES;
				CLANG_WARN_BOOL_CONVERSION = YES;
				CLANG_WARN_CONSTANT_CONVERSION = YES;
				CLANG_WARN_DIRECT_OBJC_ISA_USAGE = YES_ERROR;
				CLANG_WARN_EMPTY_BODY = YES;
				CLANG_WARN_ENUM_CONVERSION = YES;
				CLANG_WARN_INT_CONVERSION = YES;
				CLANG_WARN_OBJC_ROOT_CLASS = YES_ERROR;
				CLANG_WARN_UNREACHABLE_CODE = YES;
				CLANG_WARN__DUPLICATE_METHOD_MATCH = YES;
				"CODE_SIGN_IDENTITY[sdk=iphoneos*]" = "iPhone Developer";
				COPY_PHASE_STRIP = NO;
				ENABLE_STRICT_OBJC_MSGSEND = YES;
				GCC_C_LANGUAGE_STANDARD = gnu99;
				GCC_DYNAMIC_NO_PIC = NO;
				GCC_OPTIMIZATION_LEVEL = 0;
				GCC_PREPROCESSOR_DEFINITIONS = (
					"DEBUG=1",
					"$(inherited)",
				);
				GCC_SYMBOLS_PRIVATE_EXTERN = NO;
				GCC_WARN_64_TO_32_BIT_CONVERSION = YES;
				GCC_WARN_ABOUT_RETURN_TYPE = YES_ERROR;
				GCC_WARN_UNDECLARED_SELECTOR = YES;
				GCC_WARN_UNINITIALIZED_AUTOS = YES_AGGRESSIVE;
				GCC_WARN_UNUSED_FUNCTION = YES;
				GCC_WARN_UNUSED_VARIABLE = YES;
				IPHONEOS_DEPLOYMENT_TARGET = 8.0;
				MTL_ENABLE_DEBUG_INFO = YES;
				ONLY_ACTIVE_ARCH = YES;
				PROVISIONING_PROFILE = "d13a2f93-0881-422a-bae4-aea4bc1e9107";
				SDKROOT = iphoneos;
				SWIFT_OPTIMIZATION_LEVEL = "-Onone";
				TARGETED_DEVICE_FAMILY = "1,2";
			};
			name = Debug;
		};
		9057CA8E1ABA657C007740B0 /* Release */ = {
			isa = XCBuildConfiguration;
			buildSettings = {
				ALWAYS_SEARCH_USER_PATHS = NO;
				CLANG_CXX_LANGUAGE_STANDARD = "gnu++0x";
				CLANG_CXX_LIBRARY = "libc++";
				CLANG_ENABLE_MODULES = YES;
				CLANG_ENABLE_OBJC_ARC = YES;
				CLANG_WARN_BOOL_CONVERSION = YES;
				CLANG_WARN_CONSTANT_CONVERSION = YES;
				CLANG_WARN_DIRECT_OBJC_ISA_USAGE = YES_ERROR;
				CLANG_WARN_EMPTY_BODY = YES;
				CLANG_WARN_ENUM_CONVERSION = YES;
				CLANG_WARN_INT_CONVERSION = YES;
				CLANG_WARN_OBJC_ROOT_CLASS = YES_ERROR;
				CLANG_WARN_UNREACHABLE_CODE = YES;
				CLANG_WARN__DUPLICATE_METHOD_MATCH = YES;
				"CODE_SIGN_IDENTITY[sdk=iphoneos*]" = "iPhone Developer";
				COPY_PHASE_STRIP = NO;
				ENABLE_NS_ASSERTIONS = NO;
				ENABLE_STRICT_OBJC_MSGSEND = YES;
				GCC_C_LANGUAGE_STANDARD = gnu99;
				GCC_WARN_64_TO_32_BIT_CONVERSION = YES;
				GCC_WARN_ABOUT_RETURN_TYPE = YES_ERROR;
				GCC_WARN_UNDECLARED_SELECTOR = YES;
				GCC_WARN_UNINITIALIZED_AUTOS = YES_AGGRESSIVE;
				GCC_WARN_UNUSED_FUNCTION = YES;
				GCC_WARN_UNUSED_VARIABLE = YES;
				IPHONEOS_DEPLOYMENT_TARGET = 8.0;
				MTL_ENABLE_DEBUG_INFO = NO;
				PROVISIONING_PROFILE = "d13a2f93-0881-422a-bae4-aea4bc1e9107";
				SDKROOT = iphoneos;
				TARGETED_DEVICE_FAMILY = "1,2";
				VALIDATE_PRODUCT = YES;
			};
			name = Release;
		};
		9057CA901ABA657C007740B0 /* Debug */ = {
			isa = XCBuildConfiguration;
			baseConfigurationReference = B7524CAA300D5DBD1311CD27 /* Pods-DominicanFuel.debug.xcconfig */;
			buildSettings = {
				ASSETCATALOG_COMPILER_APPICON_NAME = AppIcon;
				CLANG_ENABLE_MODULES = YES;
				CODE_SIGN_IDENTITY = "iPhone Developer";
				"CODE_SIGN_IDENTITY[sdk=iphoneos*]" = "iPhone Developer";
				INFOPLIST_FILE = DominicanFuel/Info.plist;
				LD_RUNPATH_SEARCH_PATHS = "$(inherited) @executable_path/Frameworks";
				PRODUCT_NAME = "$(TARGET_NAME)";
				PROVISIONING_PROFILE = "";
				SWIFT_OBJC_BRIDGING_HEADER = "DominicanFuel/DominicanFuel-Bridging-Header.h";
				SWIFT_OPTIMIZATION_LEVEL = "-Onone";
			};
			name = Debug;
		};
		9057CA911ABA657C007740B0 /* Release */ = {
			isa = XCBuildConfiguration;
			baseConfigurationReference = 944AA7BC5C89A49589B2E2DE /* Pods-DominicanFuel.release.xcconfig */;
			buildSettings = {
				ASSETCATALOG_COMPILER_APPICON_NAME = AppIcon;
				CLANG_ENABLE_MODULES = YES;
				CODE_SIGN_IDENTITY = "iPhone Developer";
				"CODE_SIGN_IDENTITY[sdk=iphoneos*]" = "iPhone Developer";
				INFOPLIST_FILE = DominicanFuel/Info.plist;
				LD_RUNPATH_SEARCH_PATHS = "$(inherited) @executable_path/Frameworks";
				PRODUCT_NAME = "$(TARGET_NAME)";
				PROVISIONING_PROFILE = "";
				SWIFT_OBJC_BRIDGING_HEADER = "DominicanFuel/DominicanFuel-Bridging-Header.h";
			};
			name = Release;
		};
		9057CA931ABA657C007740B0 /* Debug */ = {
			isa = XCBuildConfiguration;
			baseConfigurationReference = FFFBBE4C694049954BE45151 /* Pods-DominicanFuelTests.debug.xcconfig */;
			buildSettings = {
				BUNDLE_LOADER = "$(TEST_HOST)";
				CLANG_ENABLE_MODULES = YES;
				CODE_SIGN_IDENTITY = "iPhone Developer";
				"CODE_SIGN_IDENTITY[sdk=iphoneos*]" = "iPhone Developer";
				FRAMEWORK_SEARCH_PATHS = (
					"$(SDKROOT)/Developer/Library/Frameworks",
					"$(inherited)",
				);
				GCC_PREPROCESSOR_DEFINITIONS = (
					"DEBUG=1",
					"$(inherited)",
				);
				INFOPLIST_FILE = DominicanFuelTests/Info.plist;
				LD_RUNPATH_SEARCH_PATHS = "$(inherited) @executable_path/Frameworks @loader_path/Frameworks";
				PRODUCT_NAME = "$(TARGET_NAME)";
				PROVISIONING_PROFILE = "";
				SWIFT_OBJC_BRIDGING_HEADER = "DominicanFuel/DominicanFuel-Bridging-Header.h";
				SWIFT_OPTIMIZATION_LEVEL = "-Onone";
				TEST_HOST = "$(BUILT_PRODUCTS_DIR)/DominicanFuel.app/DominicanFuel";
			};
			name = Debug;
		};
		9057CA941ABA657C007740B0 /* Release */ = {
			isa = XCBuildConfiguration;
			baseConfigurationReference = 19F066EF8FB36E01E5A54308 /* Pods-DominicanFuelTests.release.xcconfig */;
			buildSettings = {
				BUNDLE_LOADER = "$(TEST_HOST)";
				CLANG_ENABLE_MODULES = YES;
				CODE_SIGN_IDENTITY = "iPhone Developer";
				"CODE_SIGN_IDENTITY[sdk=iphoneos*]" = "iPhone Developer";
				FRAMEWORK_SEARCH_PATHS = (
					"$(SDKROOT)/Developer/Library/Frameworks",
					"$(inherited)",
				);
				INFOPLIST_FILE = DominicanFuelTests/Info.plist;
				LD_RUNPATH_SEARCH_PATHS = "$(inherited) @executable_path/Frameworks @loader_path/Frameworks";
				PRODUCT_NAME = "$(TARGET_NAME)";
				PROVISIONING_PROFILE = "";
				SWIFT_OBJC_BRIDGING_HEADER = "DominicanFuel/DominicanFuel-Bridging-Header.h";
				TEST_HOST = "$(BUILT_PRODUCTS_DIR)/DominicanFuel.app/DominicanFuel";
			};
			name = Release;
		};
/* End XCBuildConfiguration section */

/* Begin XCConfigurationList section */
		9057CA681ABA657B007740B0 /* Build configuration list for PBXProject "DominicanFuel" */ = {
			isa = XCConfigurationList;
			buildConfigurations = (
				9057CA8D1ABA657C007740B0 /* Debug */,
				9057CA8E1ABA657C007740B0 /* Release */,
			);
			defaultConfigurationIsVisible = 0;
			defaultConfigurationName = Release;
		};
		9057CA8F1ABA657C007740B0 /* Build configuration list for PBXNativeTarget "DominicanFuel" */ = {
			isa = XCConfigurationList;
			buildConfigurations = (
				9057CA901ABA657C007740B0 /* Debug */,
				9057CA911ABA657C007740B0 /* Release */,
			);
			defaultConfigurationIsVisible = 0;
			defaultConfigurationName = Release;
		};
		9057CA921ABA657C007740B0 /* Build configuration list for PBXNativeTarget "DominicanFuelTests" */ = {
			isa = XCConfigurationList;
			buildConfigurations = (
				9057CA931ABA657C007740B0 /* Debug */,
				9057CA941ABA657C007740B0 /* Release */,
			);
			defaultConfigurationIsVisible = 0;
			defaultConfigurationName = Release;
		};
/* End XCConfigurationList section */

/* Begin XCVersionGroup section */
		9057CA741ABA657C007740B0 /* DominicanFuel.xcdatamodeld */ = {
			isa = XCVersionGroup;
			children = (
				9085757A1B5A1C7700636BE4 /* DominicanFuel 3.xcdatamodel */,
				902EF5841ACCECBC00661600 /* DominicanFuel 2.xcdatamodel */,
				9057CA751ABA657C007740B0 /* DominicanFuel.xcdatamodel */,
			);
			currentVersion = 9085757A1B5A1C7700636BE4 /* DominicanFuel 3.xcdatamodel */;
			path = DominicanFuel.xcdatamodeld;
			sourceTree = "<group>";
			versionGroupType = wrapper.xcdatamodel;
		};
/* End XCVersionGroup section */
	};
	rootObject = 9057CA651ABA657B007740B0 /* Project object */;
}
